// !$*UTF8*$!
{
	archiveVersion = 1;
	classes = {
	};
	objectVersion = 46;
	objects = {

/* Begin PBXBuildFile section */
		F3229C191ABF5E990078A999 /* SGVInstanceSwizzling.m in Sources */ = {isa = PBXBuildFile; fileRef = F3229C181ABF5E990078A999 /* SGVInstanceSwizzling.m */; };
		F3229C1C1ABF781C0078A999 /* SGVInstanceSwizzlingUndoToken.m in Sources */ = {isa = PBXBuildFile; fileRef = F3229C1B1ABF781C0078A999 /* SGVInstanceSwizzlingUndoToken.m */; };
		F3BD96431AC164B400080CC6 /* SGVInstanceSwizzlingMethodDescriptor.m in Sources */ = {isa = PBXBuildFile; fileRef = F3BD96421AC164B400080CC6 /* SGVInstanceSwizzlingMethodDescriptor.m */; };
/* End PBXBuildFile section */

/* Begin PBXCopyFilesBuildPhase section */
		F3229BFA1ABF5E3F0078A999 /* CopyFiles */ = {
			isa = PBXCopyFilesBuildPhase;
			buildActionMask = 2147483647;
			dstPath = "include/$(PRODUCT_NAME)";
			dstSubfolderSpec = 16;
			files = (
			);
			runOnlyForDeploymentPostprocessing = 0;
		};
/* End PBXCopyFilesBuildPhase section */

/* Begin PBXFileReference section */
		F3229BFC1ABF5E3F0078A999 /* libSGVInstanceSwizzling.a */ = {isa = PBXFileReference; explicitFileType = archive.ar; includeInIndex = 0; path = libSGVInstanceSwizzling.a; sourceTree = BUILT_PRODUCTS_DIR; };
		F3229C171ABF5E990078A999 /* SGVInstanceSwizzling.h */ = {isa = PBXFileReference; fileEncoding = 4; lastKnownFileType = sourcecode.c.h; path = SGVInstanceSwizzling.h; sourceTree = "<group>"; };
		F3229C181ABF5E990078A999 /* SGVInstanceSwizzling.m */ = {isa = PBXFileReference; fileEncoding = 4; lastKnownFileType = sourcecode.c.objc; path = SGVInstanceSwizzling.m; sourceTree = "<group>"; };
		F3229C1A1ABF781C0078A999 /* SGVInstanceSwizzlingUndoToken.h */ = {isa = PBXFileReference; fileEncoding = 4; lastKnownFileType = sourcecode.c.h; path = SGVInstanceSwizzlingUndoToken.h; sourceTree = "<group>"; };
		F3229C1B1ABF781C0078A999 /* SGVInstanceSwizzlingUndoToken.m */ = {isa = PBXFileReference; fileEncoding = 4; lastKnownFileType = sourcecode.c.objc; path = SGVInstanceSwizzlingUndoToken.m; sourceTree = "<group>"; };
		F3BD96411AC164B400080CC6 /* SGVInstanceSwizzlingMethodDescriptor.h */ = {isa = PBXFileReference; fileEncoding = 4; lastKnownFileType = sourcecode.c.h; path = SGVInstanceSwizzlingMethodDescriptor.h; sourceTree = "<group>"; };
		F3BD96421AC164B400080CC6 /* SGVInstanceSwizzlingMethodDescriptor.m */ = {isa = PBXFileReference; fileEncoding = 4; lastKnownFileType = sourcecode.c.objc; path = SGVInstanceSwizzlingMethodDescriptor.m; sourceTree = "<group>"; };
/* End PBXFileReference section */

/* Begin PBXFrameworksBuildPhase section */
		F3229BF91ABF5E3F0078A999 /* Frameworks */ = {
			isa = PBXFrameworksBuildPhase;
			buildActionMask = 2147483647;
			files = (
			);
			runOnlyForDeploymentPostprocessing = 0;
		};
/* End PBXFrameworksBuildPhase section */

/* Begin PBXGroup section */
		F3229BF31ABF5E3F0078A999 = {
			isa = PBXGroup;
			children = (
				F3229C161ABF5E710078A999 /* src */,
				F3229BFD1ABF5E3F0078A999 /* Products */,
			);
			sourceTree = "<group>";
		};
		F3229BFD1ABF5E3F0078A999 /* Products */ = {
			isa = PBXGroup;
			children = (
				F3229BFC1ABF5E3F0078A999 /* libSGVInstanceSwizzling.a */,
			);
			name = Products;
			sourceTree = "<group>";
		};
		F3229C161ABF5E710078A999 /* src */ = {
			isa = PBXGroup;
			children = (
				F3229C171ABF5E990078A999 /* SGVInstanceSwizzling.h */,
				F3229C181ABF5E990078A999 /* SGVInstanceSwizzling.m */,
				F3229C1A1ABF781C0078A999 /* SGVInstanceSwizzlingUndoToken.h */,
				F3229C1B1ABF781C0078A999 /* SGVInstanceSwizzlingUndoToken.m */,
				F3BD96411AC164B400080CC6 /* SGVInstanceSwizzlingMethodDescriptor.h */,
				F3BD96421AC164B400080CC6 /* SGVInstanceSwizzlingMethodDescriptor.m */,
			);
			path = src;
			sourceTree = "<group>";
		};
/* End PBXGroup section */

/* Begin PBXNativeTarget section */
		F3229BFB1ABF5E3F0078A999 /* SGVInstanceSwizzling */ = {
			isa = PBXNativeTarget;
			buildConfigurationList = F3229C101ABF5E3F0078A999 /* Build configuration list for PBXNativeTarget "SGVInstanceSwizzling" */;
			buildPhases = (
				F3229BF81ABF5E3F0078A999 /* Sources */,
				F3229BF91ABF5E3F0078A999 /* Frameworks */,
				F3229BFA1ABF5E3F0078A999 /* CopyFiles */,
			);
			buildRules = (
			);
			dependencies = (
			);
			name = SGVInstanceSwizzling;
			productName = SGVInstanceSwizzling;
			productReference = F3229BFC1ABF5E3F0078A999 /* libSGVInstanceSwizzling.a */;
			productType = "com.apple.product-type.library.static";
		};
/* End PBXNativeTarget section */

/* Begin PBXProject section */
		F3229BF41ABF5E3F0078A999 /* Project object */ = {
			isa = PBXProject;
			attributes = {
				LastUpgradeCheck = 0630;
				ORGANIZATIONNAME = "Alexander Gusev";
				TargetAttributes = {
					F3229BFB1ABF5E3F0078A999 = {
						CreatedOnToolsVersion = 6.3;
					};
				};
			};
			buildConfigurationList = F3229BF71ABF5E3F0078A999 /* Build configuration list for PBXProject "SGVInstanceSwizzling" */;
			compatibilityVersion = "Xcode 3.2";
			developmentRegion = English;
			hasScannedForEncodings = 0;
			knownRegions = (
				en,
			);
			mainGroup = F3229BF31ABF5E3F0078A999;
			productRefGroup = F3229BFD1ABF5E3F0078A999 /* Products */;
			projectDirPath = "";
			projectRoot = "";
			targets = (
				F3229BFB1ABF5E3F0078A999 /* SGVInstanceSwizzling */,
			);
		};
/* End PBXProject section */

/* Begin PBXSourcesBuildPhase section */
		F3229BF81ABF5E3F0078A999 /* Sources */ = {
			isa = PBXSourcesBuildPhase;
			buildActionMask = 2147483647;
			files = (
				F3BD96431AC164B400080CC6 /* SGVInstanceSwizzlingMethodDescriptor.m in Sources */,
				F3229C191ABF5E990078A999 /* SGVInstanceSwizzling.m in Sources */,
				F3229C1C1ABF781C0078A999 /* SGVInstanceSwizzlingUndoToken.m in Sources */,
			);
			runOnlyForDeploymentPostprocessing = 0;
		};
/* End PBXSourcesBuildPhase section */

/* Begin XCBuildConfiguration section */
		F3229C0E1ABF5E3F0078A999 /* Debug */ = {
			isa = XCBuildConfiguration;
			buildSettings = {
				ALWAYS_SEARCH_USER_PATHS = NO;
				CLANG_CXX_LANGUAGE_STANDARD = "gnu++0x";
				CLANG_CXX_LIBRARY = "libc++";
				CLANG_ENABLE_MODULES = YES;
				CLANG_ENABLE_OBJC_ARC = YES;
				CLANG_WARN_BOOL_CONVERSION = YES;
				CLANG_WARN_CONSTANT_CONVERSION = YES;
				CLANG_WARN_DIRECT_OBJC_ISA_USAGE = YES_ERROR;
				CLANG_WARN_EMPTY_BODY = YES;
				CLANG_WARN_ENUM_CONVERSION = YES;
				CLANG_WARN_INT_CONVERSION = YES;
				CLANG_WARN_OBJC_ROOT_CLASS = YES_ERROR;
				CLANG_WARN_UNREACHABLE_CODE = YES;
				CLANG_WARN__DUPLICATE_METHOD_MATCH = YES;
				COPY_PHASE_STRIP = NO;
				DEBUG_INFORMATION_FORMAT = "dwarf-with-dsym";
				ENABLE_STRICT_OBJC_MSGSEND = YES;
				GCC_C_LANGUAGE_STANDARD = gnu99;
				GCC_DYNAMIC_NO_PIC = NO;
				GCC_NO_COMMON_BLOCKS = YES;
				GCC_OPTIMIZATION_LEVEL = 0;
				GCC_PREPROCESSOR_DEFINITIONS = (
					"DEBUG=1",
					"$(inherited)",
				);
				GCC_SYMBOLS_PRIVATE_EXTERN = NO;
				GCC_WARN_64_TO_32_BIT_CONVERSION = YES;
				GCC_WARN_ABOUT_RETURN_TYPE = YES_ERROR;
				GCC_WARN_UNDECLARED_SELECTOR = YES;
				GCC_WARN_UNINITIALIZED_AUTOS = YES_AGGRESSIVE;
				GCC_WARN_UNUSED_FUNCTION = YES;
				GCC_WARN_UNUSED_VARIABLE = YES;
				IPHONEOS_DEPLOYMENT_TARGET = 8.3;
				MTL_ENABLE_DEBUG_INFO = YES;
				ONLY_ACTIVE_ARCH = YES;
				SDKROOT = iphoneos;
			};
			name = Debug;
		};
		F3229C0F1ABF5E3F0078A999 /* Release */ = {
			isa = XCBuildConfiguration;
			buildSettings = {
				ALWAYS_SEARCH_USER_PATHS = NO;
				CLANG_CXX_LANGUAGE_STANDARD = "gnu++0x";
				CLANG_CXX_LIBRARY = "libc++";
				CLANG_ENABLE_MODULES = YES;
				CLANG_ENABLE_OBJC_ARC = YES;
				CLANG_WARN_BOOL_CONVERSION = YES;
				CLANG_WARN_CONSTANT_CONVERSION = YES;
				CLANG_WARN_DIRECT_OBJC_ISA_USAGE = YES_ERROR;
				CLANG_WARN_EMPTY_BODY = YES;
				CLANG_WARN_ENUM_CONVERSION = YES;
				CLANG_WARN_INT_CONVERSION = YES;
				CLANG_WARN_OBJC_ROOT_CLASS = YES_ERROR;
				CLANG_WARN_UNREACHABLE_CODE = YES;
				CLANG_WARN__DUPLICATE_METHOD_MATCH = YES;
				COPY_PHASE_STRIP = NO;
				DEBUG_INFORMATION_FORMAT = "dwarf-with-dsym";
				ENABLE_NS_ASSERTIONS = NO;
				ENABLE_STRICT_OBJC_MSGSEND = YES;
				GCC_C_LANGUAGE_STANDARD = gnu99;
				GCC_NO_COMMON_BLOCKS = YES;
				GCC_WARN_64_TO_32_BIT_CONVERSION = YES;
				GCC_WARN_ABOUT_RETURN_TYPE = YES_ERROR;
				GCC_WARN_UNDECLARED_SELECTOR = YES;
				GCC_WARN_UNINITIALIZED_AUTOS = YES_AGGRESSIVE;
				GCC_WARN_UNUSED_FUNCTION = YES;
				GCC_WARN_UNUSED_VARIABLE = YES;
				IPHONEOS_DEPLOYMENT_TARGET = 8.3;
				MTL_ENABLE_DEBUG_INFO = NO;
				SDKROOT = iphoneos;
				VALIDATE_PRODUCT = YES;
			};
			name = Release;
		};
		F3229C111ABF5E3F0078A999 /* Debug */ = {
			isa = XCBuildConfiguration;
			buildSettings = {
				OTHER_LDFLAGS = "-ObjC";
				PRODUCT_NAME = "$(TARGET_NAME)";
				SKIP_INSTALL = YES;
			};
			name = Debug;
		};
		F3229C121ABF5E3F0078A999 /* Release */ = {
			isa = XCBuildConfiguration;
			buildSettings = {
				OTHER_LDFLAGS = "-ObjC";
				PRODUCT_NAME = "$(TARGET_NAME)";
				SKIP_INSTALL = YES;
			};
			name = Release;
		};
/* End XCBuildConfiguration section */

/* Begin XCConfigurationList section */
		F3229BF71ABF5E3F0078A999 /* Build configuration list for PBXProject "SGVInstanceSwizzling" */ = {
			isa = XCConfigurationList;
			buildConfigurations = (
				F3229C0E1ABF5E3F0078A999 /* Debug */,
				F3229C0F1ABF5E3F0078A999 /* Release */,
			);
			defaultConfigurationIsVisible = 0;
			defaultConfigurationName = Release;
		};
		F3229C101ABF5E3F0078A999 /* Build configuration list for PBXNativeTarget "SGVInstanceSwizzling" */ = {
			isa = XCConfigurationList;
			buildConfigurations = (
				F3229C111ABF5E3F0078A999 /* Debug */,
				F3229C121ABF5E3F0078A999 /* Release */,
			);
			defaultConfigurationIsVisible = 0;
			defaultConfigurationName = Release;
		};
/* End XCConfigurationList section */
	};
	rootObject = F3229BF41ABF5E3F0078A999 /* Project object */;
}
